// !$*UTF8*$!
{
	archiveVersion = 1;
	classes = {
	};
	objectVersion = 56;
	objects = {

/* Begin PBXBuildFile section */
		08820984A1DEC2C49F48FC93 /* Pods_Syadtech_Ahmed_Elshobary_iOS_Task.framework in Frameworks */ = {isa = PBXBuildFile; fileRef = 9E03B6DA1BF71F4BEB99CCAC /* Pods_Syadtech_Ahmed_Elshobary_iOS_Task.framework */; };
		1B858B8AC5EAFDE9CA7F94D5 /* Pods_Syadtech_Ahmed_Elshobary_iOS_TaskTests.framework in Frameworks */ = {isa = PBXBuildFile; fileRef = E0EE22B8DCDAFAA0E45C3116 /* Pods_Syadtech_Ahmed_Elshobary_iOS_TaskTests.framework */; };
		5B8BAD262C9259B900FDA1C0 /* AppDelegate.swift in Sources */ = {isa = PBXBuildFile; fileRef = 5B8BAD252C9259B900FDA1C0 /* AppDelegate.swift */; };
		5B8BAD282C9259B900FDA1C0 /* SceneDelegate.swift in Sources */ = {isa = PBXBuildFile; fileRef = 5B8BAD272C9259B900FDA1C0 /* SceneDelegate.swift */; };
		5B8BAD2A2C9259B900FDA1C0 /* TrackerViewController.swift in Sources */ = {isa = PBXBuildFile; fileRef = 5B8BAD292C9259B900FDA1C0 /* TrackerViewController.swift */; };
		5B8BAD2D2C9259B900FDA1C0 /* Main.storyboard in Resources */ = {isa = PBXBuildFile; fileRef = 5B8BAD2B2C9259B900FDA1C0 /* Main.storyboard */; };
		5B8BAD302C9259B900FDA1C0 /* Syadtech_Ahmed_Elshobary_iOS_Task.xcdatamodeld in Sources */ = {isa = PBXBuildFile; fileRef = 5B8BAD2E2C9259B900FDA1C0 /* Syadtech_Ahmed_Elshobary_iOS_Task.xcdatamodeld */; };
		5B8BAD322C9259BB00FDA1C0 /* Assets.xcassets in Resources */ = {isa = PBXBuildFile; fileRef = 5B8BAD312C9259BB00FDA1C0 /* Assets.xcassets */; };
		5B8BAD352C9259BB00FDA1C0 /* LaunchScreen.storyboard in Resources */ = {isa = PBXBuildFile; fileRef = 5B8BAD332C9259BB00FDA1C0 /* LaunchScreen.storyboard */; };
		5B8BAD402C9259BB00FDA1C0 /* Syadtech_Ahmed_Elshobary_iOS_TaskTests.swift in Sources */ = {isa = PBXBuildFile; fileRef = 5B8BAD3F2C9259BB00FDA1C0 /* Syadtech_Ahmed_Elshobary_iOS_TaskTests.swift */; };
		5B8BAD4A2C9259BB00FDA1C0 /* Syadtech_Ahmed_Elshobary_iOS_TaskUITests.swift in Sources */ = {isa = PBXBuildFile; fileRef = 5B8BAD492C9259BB00FDA1C0 /* Syadtech_Ahmed_Elshobary_iOS_TaskUITests.swift */; };
		5B8BAD4C2C9259BB00FDA1C0 /* Syadtech_Ahmed_Elshobary_iOS_TaskUITestsLaunchTests.swift in Sources */ = {isa = PBXBuildFile; fileRef = 5B8BAD4B2C9259BB00FDA1C0 /* Syadtech_Ahmed_Elshobary_iOS_TaskUITestsLaunchTests.swift */; };
		5B8BAD5C2C927B3B00FDA1C0 /* TrackerViewModel.swift in Sources */ = {isa = PBXBuildFile; fileRef = 5B8BAD5B2C927B3B00FDA1C0 /* TrackerViewModel.swift */; };
		78DA7D9CCF006DFE27333B69 /* Pods_Syadtech_Ahmed_Elshobary_iOS_Task_Syadtech_Ahmed_Elshobary_iOS_TaskUITests.framework in Frameworks */ = {isa = PBXBuildFile; fileRef = FDE3AC47B516C42E22EE32D7 /* Pods_Syadtech_Ahmed_Elshobary_iOS_Task_Syadtech_Ahmed_Elshobary_iOS_TaskUITests.framework */; };
/* End PBXBuildFile section */

/* Begin PBXContainerItemProxy section */
		5B8BAD3C2C9259BB00FDA1C0 /* PBXContainerItemProxy */ = {
			isa = PBXContainerItemProxy;
			containerPortal = 5B8BAD1A2C9259B900FDA1C0 /* Project object */;
			proxyType = 1;
			remoteGlobalIDString = 5B8BAD212C9259B900FDA1C0;
			remoteInfo = "Syadtech-Ahmed-Elshobary-iOS-Task";
		};
		5B8BAD462C9259BB00FDA1C0 /* PBXContainerItemProxy */ = {
			isa = PBXContainerItemProxy;
			containerPortal = 5B8BAD1A2C9259B900FDA1C0 /* Project object */;
			proxyType = 1;
			remoteGlobalIDString = 5B8BAD212C9259B900FDA1C0;
			remoteInfo = "Syadtech-Ahmed-Elshobary-iOS-Task";
		};
/* End PBXContainerItemProxy section */

/* Begin PBXFileReference section */
		24FFB6255C9DA5E4F41DA4C1 /* Pods-Syadtech-Ahmed-Elshobary-iOS-Task.debug.xcconfig */ = {isa = PBXFileReference; includeInIndex = 1; lastKnownFileType = text.xcconfig; name = "Pods-Syadtech-Ahmed-Elshobary-iOS-Task.debug.xcconfig"; path = "Target Support Files/Pods-Syadtech-Ahmed-Elshobary-iOS-Task/Pods-Syadtech-Ahmed-Elshobary-iOS-Task.debug.xcconfig"; sourceTree = "<group>"; };
		267E8687AEC33E56EBCF973C /* Pods-Syadtech-Ahmed-Elshobary-iOS-Task.release.xcconfig */ = {isa = PBXFileReference; includeInIndex = 1; lastKnownFileType = text.xcconfig; name = "Pods-Syadtech-Ahmed-Elshobary-iOS-Task.release.xcconfig"; path = "Target Support Files/Pods-Syadtech-Ahmed-Elshobary-iOS-Task/Pods-Syadtech-Ahmed-Elshobary-iOS-Task.release.xcconfig"; sourceTree = "<group>"; };
		40A832C66FC09E630F277BFE /* Pods-Syadtech-Ahmed-Elshobary-iOS-Task-Syadtech-Ahmed-Elshobary-iOS-TaskUITests.release.xcconfig */ = {isa = PBXFileReference; includeInIndex = 1; lastKnownFileType = text.xcconfig; name = "Pods-Syadtech-Ahmed-Elshobary-iOS-Task-Syadtech-Ahmed-Elshobary-iOS-TaskUITests.release.xcconfig"; path = "Target Support Files/Pods-Syadtech-Ahmed-Elshobary-iOS-Task-Syadtech-Ahmed-Elshobary-iOS-TaskUITests/Pods-Syadtech-Ahmed-Elshobary-iOS-Task-Syadtech-Ahmed-Elshobary-iOS-TaskUITests.release.xcconfig"; sourceTree = "<group>"; };
		5B8BAD222C9259B900FDA1C0 /* Syadtech-Ahmed-Elshobary-iOS-Task.app */ = {isa = PBXFileReference; explicitFileType = wrapper.application; includeInIndex = 0; path = "Syadtech-Ahmed-Elshobary-iOS-Task.app"; sourceTree = BUILT_PRODUCTS_DIR; };
		5B8BAD252C9259B900FDA1C0 /* AppDelegate.swift */ = {isa = PBXFileReference; lastKnownFileType = sourcecode.swift; path = AppDelegate.swift; sourceTree = "<group>"; };
		5B8BAD272C9259B900FDA1C0 /* SceneDelegate.swift */ = {isa = PBXFileReference; lastKnownFileType = sourcecode.swift; path = SceneDelegate.swift; sourceTree = "<group>"; };
		5B8BAD292C9259B900FDA1C0 /* TrackerViewController.swift */ = {isa = PBXFileReference; lastKnownFileType = sourcecode.swift; path = TrackerViewController.swift; sourceTree = "<group>"; };
		5B8BAD2C2C9259B900FDA1C0 /* Base */ = {isa = PBXFileReference; lastKnownFileType = file.storyboard; name = Base; path = Base.lproj/Main.storyboard; sourceTree = "<group>"; };
		5B8BAD2F2C9259B900FDA1C0 /* Syadtech_Ahmed_Elshobary_iOS_Task.xcdatamodel */ = {isa = PBXFileReference; lastKnownFileType = wrapper.xcdatamodel; path = Syadtech_Ahmed_Elshobary_iOS_Task.xcdatamodel; sourceTree = "<group>"; };
		5B8BAD312C9259BB00FDA1C0 /* Assets.xcassets */ = {isa = PBXFileReference; lastKnownFileType = folder.assetcatalog; path = Assets.xcassets; sourceTree = "<group>"; };
		5B8BAD342C9259BB00FDA1C0 /* Base */ = {isa = PBXFileReference; lastKnownFileType = file.storyboard; name = Base; path = Base.lproj/LaunchScreen.storyboard; sourceTree = "<group>"; };
		5B8BAD362C9259BB00FDA1C0 /* Info.plist */ = {isa = PBXFileReference; lastKnownFileType = text.plist.xml; path = Info.plist; sourceTree = "<group>"; };
		5B8BAD3B2C9259BB00FDA1C0 /* Syadtech-Ahmed-Elshobary-iOS-TaskTests.xctest */ = {isa = PBXFileReference; explicitFileType = wrapper.cfbundle; includeInIndex = 0; path = "Syadtech-Ahmed-Elshobary-iOS-TaskTests.xctest"; sourceTree = BUILT_PRODUCTS_DIR; };
		5B8BAD3F2C9259BB00FDA1C0 /* Syadtech_Ahmed_Elshobary_iOS_TaskTests.swift */ = {isa = PBXFileReference; lastKnownFileType = sourcecode.swift; path = Syadtech_Ahmed_Elshobary_iOS_TaskTests.swift; sourceTree = "<group>"; };
		5B8BAD452C9259BB00FDA1C0 /* Syadtech-Ahmed-Elshobary-iOS-TaskUITests.xctest */ = {isa = PBXFileReference; explicitFileType = wrapper.cfbundle; includeInIndex = 0; path = "Syadtech-Ahmed-Elshobary-iOS-TaskUITests.xctest"; sourceTree = BUILT_PRODUCTS_DIR; };
		5B8BAD492C9259BB00FDA1C0 /* Syadtech_Ahmed_Elshobary_iOS_TaskUITests.swift */ = {isa = PBXFileReference; lastKnownFileType = sourcecode.swift; path = Syadtech_Ahmed_Elshobary_iOS_TaskUITests.swift; sourceTree = "<group>"; };
		5B8BAD4B2C9259BB00FDA1C0 /* Syadtech_Ahmed_Elshobary_iOS_TaskUITestsLaunchTests.swift */ = {isa = PBXFileReference; lastKnownFileType = sourcecode.swift; path = Syadtech_Ahmed_Elshobary_iOS_TaskUITestsLaunchTests.swift; sourceTree = "<group>"; };
		5B8BAD5B2C927B3B00FDA1C0 /* TrackerViewModel.swift */ = {isa = PBXFileReference; lastKnownFileType = sourcecode.swift; path = TrackerViewModel.swift; sourceTree = "<group>"; };
		7C68323F19028F40A121ACDC /* Pods-Syadtech-Ahmed-Elshobary-iOS-Task-Syadtech-Ahmed-Elshobary-iOS-TaskUITests.debug.xcconfig */ = {isa = PBXFileReference; includeInIndex = 1; lastKnownFileType = text.xcconfig; name = "Pods-Syadtech-Ahmed-Elshobary-iOS-Task-Syadtech-Ahmed-Elshobary-iOS-TaskUITests.debug.xcconfig"; path = "Target Support Files/Pods-Syadtech-Ahmed-Elshobary-iOS-Task-Syadtech-Ahmed-Elshobary-iOS-TaskUITests/Pods-Syadtech-Ahmed-Elshobary-iOS-Task-Syadtech-Ahmed-Elshobary-iOS-TaskUITests.debug.xcconfig"; sourceTree = "<group>"; };
		98555CF6E034806D2CE7CED9 /* Pods-Syadtech-Ahmed-Elshobary-iOS-TaskTests.release.xcconfig */ = {isa = PBXFileReference; includeInIndex = 1; lastKnownFileType = text.xcconfig; name = "Pods-Syadtech-Ahmed-Elshobary-iOS-TaskTests.release.xcconfig"; path = "Target Support Files/Pods-Syadtech-Ahmed-Elshobary-iOS-TaskTests/Pods-Syadtech-Ahmed-Elshobary-iOS-TaskTests.release.xcconfig"; sourceTree = "<group>"; };
		9E03B6DA1BF71F4BEB99CCAC /* Pods_Syadtech_Ahmed_Elshobary_iOS_Task.framework */ = {isa = PBXFileReference; explicitFileType = wrapper.framework; includeInIndex = 0; path = Pods_Syadtech_Ahmed_Elshobary_iOS_Task.framework; sourceTree = BUILT_PRODUCTS_DIR; };
		A8B25BEA9BAA3CB86DB252DD /* Pods-Syadtech-Ahmed-Elshobary-iOS-TaskTests.debug.xcconfig */ = {isa = PBXFileReference; includeInIndex = 1; lastKnownFileType = text.xcconfig; name = "Pods-Syadtech-Ahmed-Elshobary-iOS-TaskTests.debug.xcconfig"; path = "Target Support Files/Pods-Syadtech-Ahmed-Elshobary-iOS-TaskTests/Pods-Syadtech-Ahmed-Elshobary-iOS-TaskTests.debug.xcconfig"; sourceTree = "<group>"; };
		E0EE22B8DCDAFAA0E45C3116 /* Pods_Syadtech_Ahmed_Elshobary_iOS_TaskTests.framework */ = {isa = PBXFileReference; explicitFileType = wrapper.framework; includeInIndex = 0; path = Pods_Syadtech_Ahmed_Elshobary_iOS_TaskTests.framework; sourceTree = BUILT_PRODUCTS_DIR; };
		FDE3AC47B516C42E22EE32D7 /* Pods_Syadtech_Ahmed_Elshobary_iOS_Task_Syadtech_Ahmed_Elshobary_iOS_TaskUITests.framework */ = {isa = PBXFileReference; explicitFileType = wrapper.framework; includeInIndex = 0; path = Pods_Syadtech_Ahmed_Elshobary_iOS_Task_Syadtech_Ahmed_Elshobary_iOS_TaskUITests.framework; sourceTree = BUILT_PRODUCTS_DIR; };
/* End PBXFileReference section */

/* Begin PBXFrameworksBuildPhase section */
		5B8BAD1F2C9259B900FDA1C0 /* Frameworks */ = {
			isa = PBXFrameworksBuildPhase;
			buildActionMask = 2147483647;
			files = (
				08820984A1DEC2C49F48FC93 /* Pods_Syadtech_Ahmed_Elshobary_iOS_Task.framework in Frameworks */,
			);
			runOnlyForDeploymentPostprocessing = 0;
		};
		5B8BAD382C9259BB00FDA1C0 /* Frameworks */ = {
			isa = PBXFrameworksBuildPhase;
			buildActionMask = 2147483647;
			files = (
				1B858B8AC5EAFDE9CA7F94D5 /* Pods_Syadtech_Ahmed_Elshobary_iOS_TaskTests.framework in Frameworks */,
			);
			runOnlyForDeploymentPostprocessing = 0;
		};
		5B8BAD422C9259BB00FDA1C0 /* Frameworks */ = {
			isa = PBXFrameworksBuildPhase;
			buildActionMask = 2147483647;
			files = (
				78DA7D9CCF006DFE27333B69 /* Pods_Syadtech_Ahmed_Elshobary_iOS_Task_Syadtech_Ahmed_Elshobary_iOS_TaskUITests.framework in Frameworks */,
			);
			runOnlyForDeploymentPostprocessing = 0;
		};
/* End PBXFrameworksBuildPhase section */

/* Begin PBXGroup section */
		0CF1BE19827A77D0423D2085 /* Frameworks */ = {
			isa = PBXGroup;
			children = (
				9E03B6DA1BF71F4BEB99CCAC /* Pods_Syadtech_Ahmed_Elshobary_iOS_Task.framework */,
				FDE3AC47B516C42E22EE32D7 /* Pods_Syadtech_Ahmed_Elshobary_iOS_Task_Syadtech_Ahmed_Elshobary_iOS_TaskUITests.framework */,
				E0EE22B8DCDAFAA0E45C3116 /* Pods_Syadtech_Ahmed_Elshobary_iOS_TaskTests.framework */,
			);
			name = Frameworks;
			sourceTree = "<group>";
		};
		5B8BAD192C9259B900FDA1C0 = {
			isa = PBXGroup;
			children = (
				5B8BAD242C9259B900FDA1C0 /* Syadtech-Ahmed-Elshobary-iOS-Task */,
				5B8BAD3E2C9259BB00FDA1C0 /* Syadtech-Ahmed-Elshobary-iOS-TaskTests */,
				5B8BAD482C9259BB00FDA1C0 /* Syadtech-Ahmed-Elshobary-iOS-TaskUITests */,
				5B8BAD232C9259B900FDA1C0 /* Products */,
				DA09E4B4A06BCF99E09FE165 /* Pods */,
				0CF1BE19827A77D0423D2085 /* Frameworks */,
			);
			sourceTree = "<group>";
		};
		5B8BAD232C9259B900FDA1C0 /* Products */ = {
			isa = PBXGroup;
			children = (
				5B8BAD222C9259B900FDA1C0 /* Syadtech-Ahmed-Elshobary-iOS-Task.app */,
				5B8BAD3B2C9259BB00FDA1C0 /* Syadtech-Ahmed-Elshobary-iOS-TaskTests.xctest */,
				5B8BAD452C9259BB00FDA1C0 /* Syadtech-Ahmed-Elshobary-iOS-TaskUITests.xctest */,
			);
			name = Products;
			sourceTree = "<group>";
		};
		5B8BAD242C9259B900FDA1C0 /* Syadtech-Ahmed-Elshobary-iOS-Task */ = {
			isa = PBXGroup;
			children = (
				5B8BAD5A2C927ADF00FDA1C0 /* Sources */,
				5B8BAD592C927A8200FDA1C0 /* Resurces */,
				5B8BAD252C9259B900FDA1C0 /* AppDelegate.swift */,
				5B8BAD362C9259BB00FDA1C0 /* Info.plist */,
				5B8BAD272C9259B900FDA1C0 /* SceneDelegate.swift */,
			);
			path = "Syadtech-Ahmed-Elshobary-iOS-Task";
			sourceTree = "<group>";
		};
		5B8BAD3E2C9259BB00FDA1C0 /* Syadtech-Ahmed-Elshobary-iOS-TaskTests */ = {
			isa = PBXGroup;
			children = (
				5B8BAD3F2C9259BB00FDA1C0 /* Syadtech_Ahmed_Elshobary_iOS_TaskTests.swift */,
			);
			path = "Syadtech-Ahmed-Elshobary-iOS-TaskTests";
			sourceTree = "<group>";
		};
		5B8BAD482C9259BB00FDA1C0 /* Syadtech-Ahmed-Elshobary-iOS-TaskUITests */ = {
			isa = PBXGroup;
			children = (
				5B8BAD492C9259BB00FDA1C0 /* Syadtech_Ahmed_Elshobary_iOS_TaskUITests.swift */,
				5B8BAD4B2C9259BB00FDA1C0 /* Syadtech_Ahmed_Elshobary_iOS_TaskUITestsLaunchTests.swift */,
			);
			path = "Syadtech-Ahmed-Elshobary-iOS-TaskUITests";
			sourceTree = "<group>";
		};
		5B8BAD592C927A8200FDA1C0 /* Resurces */ = {
			isa = PBXGroup;
			children = (
				5B8BAD312C9259BB00FDA1C0 /* Assets.xcassets */,
				5B8BAD332C9259BB00FDA1C0 /* LaunchScreen.storyboard */,
				5B8BAD2E2C9259B900FDA1C0 /* Syadtech_Ahmed_Elshobary_iOS_Task.xcdatamodeld */,
			);
			path = Resurces;
			sourceTree = "<group>";
		};
		5B8BAD5A2C927ADF00FDA1C0 /* Sources */ = {
			isa = PBXGroup;
			children = (
				5B8BAD5F2C927BFA00FDA1C0 /* Views */,
				5B8BAD5E2C927BEC00FDA1C0 /* Controller */,
				5B8BAD5D2C927BE200FDA1C0 /* ViewModels */,
			);
			path = Sources;
			sourceTree = "<group>";
		};
		5B8BAD5D2C927BE200FDA1C0 /* ViewModels */ = {
			isa = PBXGroup;
			children = (
				5B8BAD5B2C927B3B00FDA1C0 /* TrackerViewModel.swift */,
			);
			path = ViewModels;
			sourceTree = "<group>";
		};
		5B8BAD5E2C927BEC00FDA1C0 /* Controller */ = {
			isa = PBXGroup;
			children = (
				5B8BAD292C9259B900FDA1C0 /* TrackerViewController.swift */,
			);
			path = Controller;
			sourceTree = "<group>";
		};
		5B8BAD5F2C927BFA00FDA1C0 /* Views */ = {
			isa = PBXGroup;
			children = (
				5B8BAD2B2C9259B900FDA1C0 /* Main.storyboard */,
			);
			path = Views;
			sourceTree = "<group>";
		};
		DA09E4B4A06BCF99E09FE165 /* Pods */ = {
			isa = PBXGroup;
			children = (
				24FFB6255C9DA5E4F41DA4C1 /* Pods-Syadtech-Ahmed-Elshobary-iOS-Task.debug.xcconfig */,
				267E8687AEC33E56EBCF973C /* Pods-Syadtech-Ahmed-Elshobary-iOS-Task.release.xcconfig */,
				7C68323F19028F40A121ACDC /* Pods-Syadtech-Ahmed-Elshobary-iOS-Task-Syadtech-Ahmed-Elshobary-iOS-TaskUITests.debug.xcconfig */,
				40A832C66FC09E630F277BFE /* Pods-Syadtech-Ahmed-Elshobary-iOS-Task-Syadtech-Ahmed-Elshobary-iOS-TaskUITests.release.xcconfig */,
				A8B25BEA9BAA3CB86DB252DD /* Pods-Syadtech-Ahmed-Elshobary-iOS-TaskTests.debug.xcconfig */,
				98555CF6E034806D2CE7CED9 /* Pods-Syadtech-Ahmed-Elshobary-iOS-TaskTests.release.xcconfig */,
			);
			path = Pods;
			sourceTree = "<group>";
		};
/* End PBXGroup section */

/* Begin PBXNativeTarget section */
		5B8BAD212C9259B900FDA1C0 /* Syadtech-Ahmed-Elshobary-iOS-Task */ = {
			isa = PBXNativeTarget;
			buildConfigurationList = 5B8BAD4F2C9259BB00FDA1C0 /* Build configuration list for PBXNativeTarget "Syadtech-Ahmed-Elshobary-iOS-Task" */;
			buildPhases = (
				4A1C40B5F914E3E76661F2BA /* [CP] Check Pods Manifest.lock */,
				5B8BAD1E2C9259B900FDA1C0 /* Sources */,
				5B8BAD1F2C9259B900FDA1C0 /* Frameworks */,
				5B8BAD202C9259B900FDA1C0 /* Resources */,
				133CF0A96ABD151F8000526C /* [CP] Copy Pods Resources */,
			);
			buildRules = (
			);
			dependencies = (
			);
			name = "Syadtech-Ahmed-Elshobary-iOS-Task";
			productName = "Syadtech-Ahmed-Elshobary-iOS-Task";
			productReference = 5B8BAD222C9259B900FDA1C0 /* Syadtech-Ahmed-Elshobary-iOS-Task.app */;
			productType = "com.apple.product-type.application";
		};
		5B8BAD3A2C9259BB00FDA1C0 /* Syadtech-Ahmed-Elshobary-iOS-TaskTests */ = {
			isa = PBXNativeTarget;
			buildConfigurationList = 5B8BAD522C9259BB00FDA1C0 /* Build configuration list for PBXNativeTarget "Syadtech-Ahmed-Elshobary-iOS-TaskTests" */;
			buildPhases = (
				AE0AF00EBF042EEEA31099B8 /* [CP] Check Pods Manifest.lock */,
				5B8BAD372C9259BB00FDA1C0 /* Sources */,
				5B8BAD382C9259BB00FDA1C0 /* Frameworks */,
				5B8BAD392C9259BB00FDA1C0 /* Resources */,
			);
			buildRules = (
			);
			dependencies = (
				5B8BAD3D2C9259BB00FDA1C0 /* PBXTargetDependency */,
			);
			name = "Syadtech-Ahmed-Elshobary-iOS-TaskTests";
			productName = "Syadtech-Ahmed-Elshobary-iOS-TaskTests";
			productReference = 5B8BAD3B2C9259BB00FDA1C0 /* Syadtech-Ahmed-Elshobary-iOS-TaskTests.xctest */;
			productType = "com.apple.product-type.bundle.unit-test";
		};
		5B8BAD442C9259BB00FDA1C0 /* Syadtech-Ahmed-Elshobary-iOS-TaskUITests */ = {
			isa = PBXNativeTarget;
			buildConfigurationList = 5B8BAD552C9259BB00FDA1C0 /* Build configuration list for PBXNativeTarget "Syadtech-Ahmed-Elshobary-iOS-TaskUITests" */;
			buildPhases = (
				8A2276F4E1BE2FB2FFA940D7 /* [CP] Check Pods Manifest.lock */,
				5B8BAD412C9259BB00FDA1C0 /* Sources */,
				5B8BAD422C9259BB00FDA1C0 /* Frameworks */,
				5B8BAD432C9259BB00FDA1C0 /* Resources */,
				BE1E3DA6EDC48307864A9500 /* [CP] Copy Pods Resources */,
			);
			buildRules = (
			);
			dependencies = (
				5B8BAD472C9259BB00FDA1C0 /* PBXTargetDependency */,
			);
			name = "Syadtech-Ahmed-Elshobary-iOS-TaskUITests";
			productName = "Syadtech-Ahmed-Elshobary-iOS-TaskUITests";
			productReference = 5B8BAD452C9259BB00FDA1C0 /* Syadtech-Ahmed-Elshobary-iOS-TaskUITests.xctest */;
			productType = "com.apple.product-type.bundle.ui-testing";
		};
/* End PBXNativeTarget section */

/* Begin PBXProject section */
		5B8BAD1A2C9259B900FDA1C0 /* Project object */ = {
			isa = PBXProject;
			attributes = {
				BuildIndependentTargetsInParallel = 1;
				LastSwiftUpdateCheck = 1510;
				LastUpgradeCheck = 1510;
				TargetAttributes = {
					5B8BAD212C9259B900FDA1C0 = {
						CreatedOnToolsVersion = 15.1;
					};
					5B8BAD3A2C9259BB00FDA1C0 = {
						CreatedOnToolsVersion = 15.1;
						TestTargetID = 5B8BAD212C9259B900FDA1C0;
					};
					5B8BAD442C9259BB00FDA1C0 = {
						CreatedOnToolsVersion = 15.1;
						TestTargetID = 5B8BAD212C9259B900FDA1C0;
					};
				};
			};
			buildConfigurationList = 5B8BAD1D2C9259B900FDA1C0 /* Build configuration list for PBXProject "Syadtech-Ahmed-Elshobary-iOS-Task" */;
			compatibilityVersion = "Xcode 14.0";
			developmentRegion = en;
			hasScannedForEncodings = 0;
			knownRegions = (
				en,
				Base,
			);
			mainGroup = 5B8BAD192C9259B900FDA1C0;
			productRefGroup = 5B8BAD232C9259B900FDA1C0 /* Products */;
			projectDirPath = "";
			projectRoot = "";
			targets = (
				5B8BAD212C9259B900FDA1C0 /* Syadtech-Ahmed-Elshobary-iOS-Task */,
				5B8BAD3A2C9259BB00FDA1C0 /* Syadtech-Ahmed-Elshobary-iOS-TaskTests */,
				5B8BAD442C9259BB00FDA1C0 /* Syadtech-Ahmed-Elshobary-iOS-TaskUITests */,
			);
		};
/* End PBXProject section */

/* Begin PBXResourcesBuildPhase section */
		5B8BAD202C9259B900FDA1C0 /* Resources */ = {
			isa = PBXResourcesBuildPhase;
			buildActionMask = 2147483647;
			files = (
				5B8BAD352C9259BB00FDA1C0 /* LaunchScreen.storyboard in Resources */,
				5B8BAD322C9259BB00FDA1C0 /* Assets.xcassets in Resources */,
				5B8BAD2D2C9259B900FDA1C0 /* Main.storyboard in Resources */,
			);
			runOnlyForDeploymentPostprocessing = 0;
		};
		5B8BAD392C9259BB00FDA1C0 /* Resources */ = {
			isa = PBXResourcesBuildPhase;
			buildActionMask = 2147483647;
			files = (
			);
			runOnlyForDeploymentPostprocessing = 0;
		};
		5B8BAD432C9259BB00FDA1C0 /* Resources */ = {
			isa = PBXResourcesBuildPhase;
			buildActionMask = 2147483647;
			files = (
			);
			runOnlyForDeploymentPostprocessing = 0;
		};
/* End PBXResourcesBuildPhase section */

/* Begin PBXShellScriptBuildPhase section */
		133CF0A96ABD151F8000526C /* [CP] Copy Pods Resources */ = {
			isa = PBXShellScriptBuildPhase;
			buildActionMask = 2147483647;
			files = (
			);
			inputFileListPaths = (
				"${PODS_ROOT}/Target Support Files/Pods-Syadtech-Ahmed-Elshobary-iOS-Task/Pods-Syadtech-Ahmed-Elshobary-iOS-Task-resources-${CONFIGURATION}-input-files.xcfilelist",
			);
			name = "[CP] Copy Pods Resources";
			outputFileListPaths = (
				"${PODS_ROOT}/Target Support Files/Pods-Syadtech-Ahmed-Elshobary-iOS-Task/Pods-Syadtech-Ahmed-Elshobary-iOS-Task-resources-${CONFIGURATION}-output-files.xcfilelist",
			);
			runOnlyForDeploymentPostprocessing = 0;
			shellPath = /bin/sh;
			shellScript = "\"${PODS_ROOT}/Target Support Files/Pods-Syadtech-Ahmed-Elshobary-iOS-Task/Pods-Syadtech-Ahmed-Elshobary-iOS-Task-resources.sh\"\n";
			showEnvVarsInLog = 0;
		};
		4A1C40B5F914E3E76661F2BA /* [CP] Check Pods Manifest.lock */ = {
			isa = PBXShellScriptBuildPhase;
			buildActionMask = 2147483647;
			files = (
			);
			inputFileListPaths = (
			);
			inputPaths = (
				"${PODS_PODFILE_DIR_PATH}/Podfile.lock",
				"${PODS_ROOT}/Manifest.lock",
			);
			name = "[CP] Check Pods Manifest.lock";
			outputFileListPaths = (
			);
			outputPaths = (
				"$(DERIVED_FILE_DIR)/Pods-Syadtech-Ahmed-Elshobary-iOS-Task-checkManifestLockResult.txt",
			);
			runOnlyForDeploymentPostprocessing = 0;
			shellPath = /bin/sh;
			shellScript = "diff \"${PODS_PODFILE_DIR_PATH}/Podfile.lock\" \"${PODS_ROOT}/Manifest.lock\" > /dev/null\nif [ $? != 0 ] ; then\n    # print error to STDERR\n    echo \"error: The sandbox is not in sync with the Podfile.lock. Run 'pod install' or update your CocoaPods installation.\" >&2\n    exit 1\nfi\n# This output is used by Xcode 'outputs' to avoid re-running this script phase.\necho \"SUCCESS\" > \"${SCRIPT_OUTPUT_FILE_0}\"\n";
			showEnvVarsInLog = 0;
		};
		8A2276F4E1BE2FB2FFA940D7 /* [CP] Check Pods Manifest.lock */ = {
			isa = PBXShellScriptBuildPhase;
			buildActionMask = 2147483647;
			files = (
			);
			inputFileListPaths = (
			);
			inputPaths = (
				"${PODS_PODFILE_DIR_PATH}/Podfile.lock",
				"${PODS_ROOT}/Manifest.lock",
			);
			name = "[CP] Check Pods Manifest.lock";
			outputFileListPaths = (
			);
			outputPaths = (
				"$(DERIVED_FILE_DIR)/Pods-Syadtech-Ahmed-Elshobary-iOS-Task-Syadtech-Ahmed-Elshobary-iOS-TaskUITests-checkManifestLockResult.txt",
			);
			runOnlyForDeploymentPostprocessing = 0;
			shellPath = /bin/sh;
			shellScript = "diff \"${PODS_PODFILE_DIR_PATH}/Podfile.lock\" \"${PODS_ROOT}/Manifest.lock\" > /dev/null\nif [ $? != 0 ] ; then\n    # print error to STDERR\n    echo \"error: The sandbox is not in sync with the Podfile.lock. Run 'pod install' or update your CocoaPods installation.\" >&2\n    exit 1\nfi\n# This output is used by Xcode 'outputs' to avoid re-running this script phase.\necho \"SUCCESS\" > \"${SCRIPT_OUTPUT_FILE_0}\"\n";
			showEnvVarsInLog = 0;
		};
		AE0AF00EBF042EEEA31099B8 /* [CP] Check Pods Manifest.lock */ = {
			isa = PBXShellScriptBuildPhase;
			buildActionMask = 2147483647;
			files = (
			);
			inputFileListPaths = (
			);
			inputPaths = (
				"${PODS_PODFILE_DIR_PATH}/Podfile.lock",
				"${PODS_ROOT}/Manifest.lock",
			);
			name = "[CP] Check Pods Manifest.lock";
			outputFileListPaths = (
			);
			outputPaths = (
				"$(DERIVED_FILE_DIR)/Pods-Syadtech-Ahmed-Elshobary-iOS-TaskTests-checkManifestLockResult.txt",
			);
			runOnlyForDeploymentPostprocessing = 0;
			shellPath = /bin/sh;
			shellScript = "diff \"${PODS_PODFILE_DIR_PATH}/Podfile.lock\" \"${PODS_ROOT}/Manifest.lock\" > /dev/null\nif [ $? != 0 ] ; then\n    # print error to STDERR\n    echo \"error: The sandbox is not in sync with the Podfile.lock. Run 'pod install' or update your CocoaPods installation.\" >&2\n    exit 1\nfi\n# This output is used by Xcode 'outputs' to avoid re-running this script phase.\necho \"SUCCESS\" > \"${SCRIPT_OUTPUT_FILE_0}\"\n";
			showEnvVarsInLog = 0;
		};
		BE1E3DA6EDC48307864A9500 /* [CP] Copy Pods Resources */ = {
			isa = PBXShellScriptBuildPhase;
			buildActionMask = 2147483647;
			files = (
			);
			inputFileListPaths = (
				"${PODS_ROOT}/Target Support Files/Pods-Syadtech-Ahmed-Elshobary-iOS-Task-Syadtech-Ahmed-Elshobary-iOS-TaskUITests/Pods-Syadtech-Ahmed-Elshobary-iOS-Task-Syadtech-Ahmed-Elshobary-iOS-TaskUITests-resources-${CONFIGURATION}-input-files.xcfilelist",
			);
			name = "[CP] Copy Pods Resources";
			outputFileListPaths = (
				"${PODS_ROOT}/Target Support Files/Pods-Syadtech-Ahmed-Elshobary-iOS-Task-Syadtech-Ahmed-Elshobary-iOS-TaskUITests/Pods-Syadtech-Ahmed-Elshobary-iOS-Task-Syadtech-Ahmed-Elshobary-iOS-TaskUITests-resources-${CONFIGURATION}-output-files.xcfilelist",
			);
			runOnlyForDeploymentPostprocessing = 0;
			shellPath = /bin/sh;
			shellScript = "\"${PODS_ROOT}/Target Support Files/Pods-Syadtech-Ahmed-Elshobary-iOS-Task-Syadtech-Ahmed-Elshobary-iOS-TaskUITests/Pods-Syadtech-Ahmed-Elshobary-iOS-Task-Syadtech-Ahmed-Elshobary-iOS-TaskUITests-resources.sh\"\n";
			showEnvVarsInLog = 0;
		};
/* End PBXShellScriptBuildPhase section */

/* Begin PBXSourcesBuildPhase section */
		5B8BAD1E2C9259B900FDA1C0 /* Sources */ = {
			isa = PBXSourcesBuildPhase;
			buildActionMask = 2147483647;
			files = (
				5B8BAD2A2C9259B900FDA1C0 /* TrackerViewController.swift in Sources */,
				5B8BAD5C2C927B3B00FDA1C0 /* TrackerViewModel.swift in Sources */,
				5B8BAD302C9259B900FDA1C0 /* Syadtech_Ahmed_Elshobary_iOS_Task.xcdatamodeld in Sources */,
				5B8BAD262C9259B900FDA1C0 /* AppDelegate.swift in Sources */,
				5B8BAD282C9259B900FDA1C0 /* SceneDelegate.swift in Sources */,
			);
			runOnlyForDeploymentPostprocessing = 0;
		};
		5B8BAD372C9259BB00FDA1C0 /* Sources */ = {
			isa = PBXSourcesBuildPhase;
			buildActionMask = 2147483647;
			files = (
				5B8BAD402C9259BB00FDA1C0 /* Syadtech_Ahmed_Elshobary_iOS_TaskTests.swift in Sources */,
			);
			runOnlyForDeploymentPostprocessing = 0;
		};
		5B8BAD412C9259BB00FDA1C0 /* Sources */ = {
			isa = PBXSourcesBuildPhase;
			buildActionMask = 2147483647;
			files = (
				5B8BAD4C2C9259BB00FDA1C0 /* Syadtech_Ahmed_Elshobary_iOS_TaskUITestsLaunchTests.swift in Sources */,
				5B8BAD4A2C9259BB00FDA1C0 /* Syadtech_Ahmed_Elshobary_iOS_TaskUITests.swift in Sources */,
			);
			runOnlyForDeploymentPostprocessing = 0;
		};
/* End PBXSourcesBuildPhase section */

/* Begin PBXTargetDependency section */
		5B8BAD3D2C9259BB00FDA1C0 /* PBXTargetDependency */ = {
			isa = PBXTargetDependency;
			target = 5B8BAD212C9259B900FDA1C0 /* Syadtech-Ahmed-Elshobary-iOS-Task */;
			targetProxy = 5B8BAD3C2C9259BB00FDA1C0 /* PBXContainerItemProxy */;
		};
		5B8BAD472C9259BB00FDA1C0 /* PBXTargetDependency */ = {
			isa = PBXTargetDependency;
			target = 5B8BAD212C9259B900FDA1C0 /* Syadtech-Ahmed-Elshobary-iOS-Task */;
			targetProxy = 5B8BAD462C9259BB00FDA1C0 /* PBXContainerItemProxy */;
		};
/* End PBXTargetDependency section */

/* Begin PBXVariantGroup section */
		5B8BAD2B2C9259B900FDA1C0 /* Main.storyboard */ = {
			isa = PBXVariantGroup;
			children = (
				5B8BAD2C2C9259B900FDA1C0 /* Base */,
			);
			name = Main.storyboard;
			sourceTree = "<group>";
		};
		5B8BAD332C9259BB00FDA1C0 /* LaunchScreen.storyboard */ = {
			isa = PBXVariantGroup;
			children = (
				5B8BAD342C9259BB00FDA1C0 /* Base */,
			);
			name = LaunchScreen.storyboard;
			sourceTree = "<group>";
		};
/* End PBXVariantGroup section */

/* Begin XCBuildConfiguration section */
		5B8BAD4D2C9259BB00FDA1C0 /* Debug */ = {
			isa = XCBuildConfiguration;
			buildSettings = {
				ALWAYS_SEARCH_USER_PATHS = NO;
				ASSETCATALOG_COMPILER_GENERATE_SWIFT_ASSET_SYMBOL_EXTENSIONS = YES;
				CLANG_ANALYZER_NONNULL = YES;
				CLANG_ANALYZER_NUMBER_OBJECT_CONVERSION = YES_AGGRESSIVE;
				CLANG_CXX_LANGUAGE_STANDARD = "gnu++20";
				CLANG_ENABLE_MODULES = YES;
				CLANG_ENABLE_OBJC_ARC = YES;
				CLANG_ENABLE_OBJC_WEAK = YES;
				CLANG_WARN_BLOCK_CAPTURE_AUTORELEASING = YES;
				CLANG_WARN_BOOL_CONVERSION = YES;
				CLANG_WARN_COMMA = YES;
				CLANG_WARN_CONSTANT_CONVERSION = YES;
				CLANG_WARN_DEPRECATED_OBJC_IMPLEMENTATIONS = YES;
				CLANG_WARN_DIRECT_OBJC_ISA_USAGE = YES_ERROR;
				CLANG_WARN_DOCUMENTATION_COMMENTS = YES;
				CLANG_WARN_EMPTY_BODY = YES;
				CLANG_WARN_ENUM_CONVERSION = YES;
				CLANG_WARN_INFINITE_RECURSION = YES;
				CLANG_WARN_INT_CONVERSION = YES;
				CLANG_WARN_NON_LITERAL_NULL_CONVERSION = YES;
				CLANG_WARN_OBJC_IMPLICIT_RETAIN_SELF = YES;
				CLANG_WARN_OBJC_LITERAL_CONVERSION = YES;
				CLANG_WARN_OBJC_ROOT_CLASS = YES_ERROR;
				CLANG_WARN_QUOTED_INCLUDE_IN_FRAMEWORK_HEADER = YES;
				CLANG_WARN_RANGE_LOOP_ANALYSIS = YES;
				CLANG_WARN_STRICT_PROTOTYPES = YES;
				CLANG_WARN_SUSPICIOUS_MOVE = YES;
				CLANG_WARN_UNGUARDED_AVAILABILITY = YES_AGGRESSIVE;
				CLANG_WARN_UNREACHABLE_CODE = YES;
				CLANG_WARN__DUPLICATE_METHOD_MATCH = YES;
				COPY_PHASE_STRIP = NO;
				DEBUG_INFORMATION_FORMAT = dwarf;
				ENABLE_STRICT_OBJC_MSGSEND = YES;
				ENABLE_TESTABILITY = YES;
				ENABLE_USER_SCRIPT_SANDBOXING = YES;
				GCC_C_LANGUAGE_STANDARD = gnu17;
				GCC_DYNAMIC_NO_PIC = NO;
				GCC_NO_COMMON_BLOCKS = YES;
				GCC_OPTIMIZATION_LEVEL = 0;
				GCC_PREPROCESSOR_DEFINITIONS = (
					"DEBUG=1",
					"$(inherited)",
				);
				GCC_WARN_64_TO_32_BIT_CONVERSION = YES;
				GCC_WARN_ABOUT_RETURN_TYPE = YES_ERROR;
				GCC_WARN_UNDECLARED_SELECTOR = YES;
				GCC_WARN_UNINITIALIZED_AUTOS = YES_AGGRESSIVE;
				GCC_WARN_UNUSED_FUNCTION = YES;
				GCC_WARN_UNUSED_VARIABLE = YES;
				IPHONEOS_DEPLOYMENT_TARGET = 17.2;
				LOCALIZATION_PREFERS_STRING_CATALOGS = YES;
				MTL_ENABLE_DEBUG_INFO = INCLUDE_SOURCE;
				MTL_FAST_MATH = YES;
				ONLY_ACTIVE_ARCH = YES;
				SDKROOT = iphoneos;
				SWIFT_ACTIVE_COMPILATION_CONDITIONS = "DEBUG $(inherited)";
				SWIFT_OPTIMIZATION_LEVEL = "-Onone";
			};
			name = Debug;
		};
		5B8BAD4E2C9259BB00FDA1C0 /* Release */ = {
			isa = XCBuildConfiguration;
			buildSettings = {
				ALWAYS_SEARCH_USER_PATHS = NO;
				ASSETCATALOG_COMPILER_GENERATE_SWIFT_ASSET_SYMBOL_EXTENSIONS = YES;
				CLANG_ANALYZER_NONNULL = YES;
				CLANG_ANALYZER_NUMBER_OBJECT_CONVERSION = YES_AGGRESSIVE;
				CLANG_CXX_LANGUAGE_STANDARD = "gnu++20";
				CLANG_ENABLE_MODULES = YES;
				CLANG_ENABLE_OBJC_ARC = YES;
				CLANG_ENABLE_OBJC_WEAK = YES;
				CLANG_WARN_BLOCK_CAPTURE_AUTORELEASING = YES;
				CLANG_WARN_BOOL_CONVERSION = YES;
				CLANG_WARN_COMMA = YES;
				CLANG_WARN_CONSTANT_CONVERSION = YES;
				CLANG_WARN_DEPRECATED_OBJC_IMPLEMENTATIONS = YES;
				CLANG_WARN_DIRECT_OBJC_ISA_USAGE = YES_ERROR;
				CLANG_WARN_DOCUMENTATION_COMMENTS = YES;
				CLANG_WARN_EMPTY_BODY = YES;
				CLANG_WARN_ENUM_CONVERSION = YES;
				CLANG_WARN_INFINITE_RECURSION = YES;
				CLANG_WARN_INT_CONVERSION = YES;
				CLANG_WARN_NON_LITERAL_NULL_CONVERSION = YES;
				CLANG_WARN_OBJC_IMPLICIT_RETAIN_SELF = YES;
				CLANG_WARN_OBJC_LITERAL_CONVERSION = YES;
				CLANG_WARN_OBJC_ROOT_CLASS = YES_ERROR;
				CLANG_WARN_QUOTED_INCLUDE_IN_FRAMEWORK_HEADER = YES;
				CLANG_WARN_RANGE_LOOP_ANALYSIS = YES;
				CLANG_WARN_STRICT_PROTOTYPES = YES;
				CLANG_WARN_SUSPICIOUS_MOVE = YES;
				CLANG_WARN_UNGUARDED_AVAILABILITY = YES_AGGRESSIVE;
				CLANG_WARN_UNREACHABLE_CODE = YES;
				CLANG_WARN__DUPLICATE_METHOD_MATCH = YES;
				COPY_PHASE_STRIP = NO;
				DEBUG_INFORMATION_FORMAT = "dwarf-with-dsym";
				ENABLE_NS_ASSERTIONS = NO;
				ENABLE_STRICT_OBJC_MSGSEND = YES;
				ENABLE_USER_SCRIPT_SANDBOXING = YES;
				GCC_C_LANGUAGE_STANDARD = gnu17;
				GCC_NO_COMMON_BLOCKS = YES;
				GCC_WARN_64_TO_32_BIT_CONVERSION = YES;
				GCC_WARN_ABOUT_RETURN_TYPE = YES_ERROR;
				GCC_WARN_UNDECLARED_SELECTOR = YES;
				GCC_WARN_UNINITIALIZED_AUTOS = YES_AGGRESSIVE;
				GCC_WARN_UNUSED_FUNCTION = YES;
				GCC_WARN_UNUSED_VARIABLE = YES;
				IPHONEOS_DEPLOYMENT_TARGET = 17.2;
				LOCALIZATION_PREFERS_STRING_CATALOGS = YES;
				MTL_ENABLE_DEBUG_INFO = NO;
				MTL_FAST_MATH = YES;
				SDKROOT = iphoneos;
				SWIFT_COMPILATION_MODE = wholemodule;
				VALIDATE_PRODUCT = YES;
			};
			name = Release;
		};
		5B8BAD502C9259BB00FDA1C0 /* Debug */ = {
			isa = XCBuildConfiguration;
			baseConfigurationReference = 24FFB6255C9DA5E4F41DA4C1 /* Pods-Syadtech-Ahmed-Elshobary-iOS-Task.debug.xcconfig */;
			buildSettings = {
				ASSETCATALOG_COMPILER_APPICON_NAME = AppIcon;
				ASSETCATALOG_COMPILER_GLOBAL_ACCENT_COLOR_NAME = AccentColor;
				CODE_SIGN_STYLE = Automatic;
				CURRENT_PROJECT_VERSION = 1;
				DEVELOPMENT_TEAM = Q45C8TXJ82;
				ENABLE_USER_SCRIPT_SANDBOXING = NO;
				GENERATE_INFOPLIST_FILE = YES;
				INFOPLIST_FILE = "Syadtech-Ahmed-Elshobary-iOS-Task/Info.plist";
				INFOPLIST_KEY_UIApplicationSupportsIndirectInputEvents = YES;
				INFOPLIST_KEY_UILaunchStoryboardName = LaunchScreen;
				INFOPLIST_KEY_UIMainStoryboardFile = Main;
				INFOPLIST_KEY_UISupportedInterfaceOrientations_iPad = "UIInterfaceOrientationPortrait UIInterfaceOrientationPortraitUpsideDown UIInterfaceOrientationLandscapeLeft UIInterfaceOrientationLandscapeRight";
				INFOPLIST_KEY_UISupportedInterfaceOrientations_iPhone = "UIInterfaceOrientationPortrait UIInterfaceOrientationLandscapeLeft UIInterfaceOrientationLandscapeRight";
				LD_RUNPATH_SEARCH_PATHS = (
					"$(inherited)",
					"@executable_path/Frameworks",
				);
				MARKETING_VERSION = 1.0;
				PRODUCT_BUNDLE_IDENTIFIER = "com.Syadtech-Ahmed-Elshobary-iOS-Task";
				PRODUCT_NAME = "$(TARGET_NAME)";
				SWIFT_EMIT_LOC_STRINGS = YES;
				SWIFT_VERSION = 5.0;
				TARGETED_DEVICE_FAMILY = "1,2";
			};
			name = Debug;
		};
		5B8BAD512C9259BB00FDA1C0 /* Release */ = {
			isa = XCBuildConfiguration;
			baseConfigurationReference = 267E8687AEC33E56EBCF973C /* Pods-Syadtech-Ahmed-Elshobary-iOS-Task.release.xcconfig */;
			buildSettings = {
				ASSETCATALOG_COMPILER_APPICON_NAME = AppIcon;
				ASSETCATALOG_COMPILER_GLOBAL_ACCENT_COLOR_NAME = AccentColor;
				CODE_SIGN_STYLE = Automatic;
				CURRENT_PROJECT_VERSION = 1;
				DEVELOPMENT_TEAM = Q45C8TXJ82;
				ENABLE_USER_SCRIPT_SANDBOXING = NO;
				GENERATE_INFOPLIST_FILE = YES;
				INFOPLIST_FILE = "Syadtech-Ahmed-Elshobary-iOS-Task/Info.plist";
				INFOPLIST_KEY_UIApplicationSupportsIndirectInputEvents = YES;
				INFOPLIST_KEY_UILaunchStoryboardName = LaunchScreen;
				INFOPLIST_KEY_UIMainStoryboardFile = Main;
				INFOPLIST_KEY_UISupportedInterfaceOrientations_iPad = "UIInterfaceOrientationPortrait UIInterfaceOrientationPortraitUpsideDown UIInterfaceOrientationLandscapeLeft UIInterfaceOrientationLandscapeRight";
				INFOPLIST_KEY_UISupportedInterfaceOrientations_iPhone = "UIInterfaceOrientationPortrait UIInterfaceOrientationLandscapeLeft UIInterfaceOrientationLandscapeRight";
				LD_RUNPATH_SEARCH_PATHS = (
					"$(inherited)",
					"@executable_path/Frameworks",
				);
				MARKETING_VERSION = 1.0;
				PRODUCT_BUNDLE_IDENTIFIER = "com.Syadtech-Ahmed-Elshobary-iOS-Task";
				PRODUCT_NAME = "$(TARGET_NAME)";
				SWIFT_EMIT_LOC_STRINGS = YES;
				SWIFT_VERSION = 5.0;
				TARGETED_DEVICE_FAMILY = "1,2";
			};
			name = Release;
		};
		5B8BAD532C9259BB00FDA1C0 /* Debug */ = {
			isa = XCBuildConfiguration;
			baseConfigurationReference = A8B25BEA9BAA3CB86DB252DD /* Pods-Syadtech-Ahmed-Elshobary-iOS-TaskTests.debug.xcconfig */;
			buildSettings = {
				ALWAYS_EMBED_SWIFT_STANDARD_LIBRARIES = YES;
				BUNDLE_LOADER = "$(TEST_HOST)";
				CODE_SIGN_STYLE = Automatic;
				CURRENT_PROJECT_VERSION = 1;
				DEVELOPMENT_TEAM = 83JQD2RDDT;
				GENERATE_INFOPLIST_FILE = YES;
				IPHONEOS_DEPLOYMENT_TARGET = 17.2;
				MARKETING_VERSION = 1.0;
				PRODUCT_BUNDLE_IDENTIFIER = "com.Syadtech-Ahmed-Elshobary-iOS-TaskTests";
				PRODUCT_NAME = "$(TARGET_NAME)";
				SWIFT_EMIT_LOC_STRINGS = NO;
				SWIFT_VERSION = 5.0;
				TARGETED_DEVICE_FAMILY = "1,2";
				TEST_HOST = "$(BUILT_PRODUCTS_DIR)/Syadtech-Ahmed-Elshobary-iOS-Task.app/$(BUNDLE_EXECUTABLE_FOLDER_PATH)/Syadtech-Ahmed-Elshobary-iOS-Task";
			};
			name = Debug;
		};
		5B8BAD542C9259BB00FDA1C0 /* Release */ = {
			isa = XCBuildConfiguration;
			baseConfigurationReference = 98555CF6E034806D2CE7CED9 /* Pods-Syadtech-Ahmed-Elshobary-iOS-TaskTests.release.xcconfig */;
			buildSettings = {
				ALWAYS_EMBED_SWIFT_STANDARD_LIBRARIES = YES;
				BUNDLE_LOADER = "$(TEST_HOST)";
				CODE_SIGN_STYLE = Automatic;
				CURRENT_PROJECT_VERSION = 1;
				DEVELOPMENT_TEAM = 83JQD2RDDT;
				GENERATE_INFOPLIST_FILE = YES;
				IPHONEOS_DEPLOYMENT_TARGET = 17.2;
				MARKETING_VERSION = 1.0;
				PRODUCT_BUNDLE_IDENTIFIER = "com.Syadtech-Ahmed-Elshobary-iOS-TaskTests";
				PRODUCT_NAME = "$(TARGET_NAME)";
				SWIFT_EMIT_LOC_STRINGS = NO;
				SWIFT_VERSION = 5.0;
				TARGETED_DEVICE_FAMILY = "1,2";
				TEST_HOST = "$(BUILT_PRODUCTS_DIR)/Syadtech-Ahmed-Elshobary-iOS-Task.app/$(BUNDLE_EXECUTABLE_FOLDER_PATH)/Syadtech-Ahmed-Elshobary-iOS-Task";
			};
			name = Release;
		};
		5B8BAD562C9259BB00FDA1C0 /* Debug */ = {
			isa = XCBuildConfiguration;
			baseConfigurationReference = 7C68323F19028F40A121ACDC /* Pods-Syadtech-Ahmed-Elshobary-iOS-Task-Syadtech-Ahmed-Elshobary-iOS-TaskUITests.debug.xcconfig */;
			buildSettings = {
				ALWAYS_EMBED_SWIFT_STANDARD_LIBRARIES = YES;
				CODE_SIGN_STYLE = Automatic;
				CURRENT_PROJECT_VERSION = 1;
				DEVELOPMENT_TEAM = 83JQD2RDDT;
				GENERATE_INFOPLIST_FILE = YES;
				MARKETING_VERSION = 1.0;
				PRODUCT_BUNDLE_IDENTIFIER = "com.Syadtech-Ahmed-Elshobary-iOS-TaskUITests";
				PRODUCT_NAME = "$(TARGET_NAME)";
				SWIFT_EMIT_LOC_STRINGS = NO;
				SWIFT_VERSION = 5.0;
				TARGETED_DEVICE_FAMILY = "1,2";
				TEST_TARGET_NAME = "Syadtech-Ahmed-Elshobary-iOS-Task";
			};
			name = Debug;
		};
		5B8BAD572C9259BB00FDA1C0 /* Release */ = {
			isa = XCBuildConfiguration;
			baseConfigurationReference = 40A832C66FC09E630F277BFE /* Pods-Syadtech-Ahmed-Elshobary-iOS-Task-Syadtech-Ahmed-Elshobary-iOS-TaskUITests.release.xcconfig */;
			buildSettings = {
				ALWAYS_EMBED_SWIFT_STANDARD_LIBRARIES = YES;
				CODE_SIGN_STYLE = Automatic;
				CURRENT_PROJECT_VERSION = 1;
				DEVELOPMENT_TEAM = 83JQD2RDDT;
				GENERATE_INFOPLIST_FILE = YES;
				MARKETING_VERSION = 1.0;
				PRODUCT_BUNDLE_IDENTIFIER = "com.Syadtech-Ahmed-Elshobary-iOS-TaskUITests";
				PRODUCT_NAME = "$(TARGET_NAME)";
				SWIFT_EMIT_LOC_STRINGS = NO;
				SWIFT_VERSION = 5.0;
				TARGETED_DEVICE_FAMILY = "1,2";
				TEST_TARGET_NAME = "Syadtech-Ahmed-Elshobary-iOS-Task";
			};
			name = Release;
		};
/* End XCBuildConfiguration section */

/* Begin XCConfigurationList section */
		5B8BAD1D2C9259B900FDA1C0 /* Build configuration list for PBXProject "Syadtech-Ahmed-Elshobary-iOS-Task" */ = {
			isa = XCConfigurationList;
			buildConfigurations = (
				5B8BAD4D2C9259BB00FDA1C0 /* Debug */,
				5B8BAD4E2C9259BB00FDA1C0 /* Release */,
			);
			defaultConfigurationIsVisible = 0;
			defaultConfigurationName = Release;
		};
		5B8BAD4F2C9259BB00FDA1C0 /* Build configuration list for PBXNativeTarget "Syadtech-Ahmed-Elshobary-iOS-Task" */ = {
			isa = XCConfigurationList;
			buildConfigurations = (
				5B8BAD502C9259BB00FDA1C0 /* Debug */,
				5B8BAD512C9259BB00FDA1C0 /* Release */,
			);
			defaultConfigurationIsVisible = 0;
			defaultConfigurationName = Release;
		};
		5B8BAD522C9259BB00FDA1C0 /* Build configuration list for PBXNativeTarget "Syadtech-Ahmed-Elshobary-iOS-TaskTests" */ = {
			isa = XCConfigurationList;
			buildConfigurations = (
				5B8BAD532C9259BB00FDA1C0 /* Debug */,
				5B8BAD542C9259BB00FDA1C0 /* Release */,
			);
			defaultConfigurationIsVisible = 0;
			defaultConfigurationName = Release;
		};
		5B8BAD552C9259BB00FDA1C0 /* Build configuration list for PBXNativeTarget "Syadtech-Ahmed-Elshobary-iOS-TaskUITests" */ = {
			isa = XCConfigurationList;
			buildConfigurations = (
				5B8BAD562C9259BB00FDA1C0 /* Debug */,
				5B8BAD572C9259BB00FDA1C0 /* Release */,
			);
			defaultConfigurationIsVisible = 0;
			defaultConfigurationName = Release;
		};
/* End XCConfigurationList section */

/* Begin XCVersionGroup section */
		5B8BAD2E2C9259B900FDA1C0 /* Syadtech_Ahmed_Elshobary_iOS_Task.xcdatamodeld */ = {
			isa = XCVersionGroup;
			children = (
				5B8BAD2F2C9259B900FDA1C0 /* Syadtech_Ahmed_Elshobary_iOS_Task.xcdatamodel */,
			);
			currentVersion = 5B8BAD2F2C9259B900FDA1C0 /* Syadtech_Ahmed_Elshobary_iOS_Task.xcdatamodel */;
			path = Syadtech_Ahmed_Elshobary_iOS_Task.xcdatamodeld;
			sourceTree = "<group>";
			versionGroupType = wrapper.xcdatamodel;
		};
/* End XCVersionGroup section */
	};
	rootObject = 5B8BAD1A2C9259B900FDA1C0 /* Project object */;
}
